
Microsoft Visual Studio Solution File, Format Version 12.00
# Visual Studio Version 17
VisualStudioVersion = 17.7.34024.191
MinimumVisualStudioVersion = 10.0.40219.1
Project("{9A19103F-16F7-4668-BE54-9A1E7A4F7556}") = "PPTOperateLib", "PPTTimer\PPTOperateLib\PPTOperateLib.csproj", "{D995454A-60AB-4874-B55F-4588DD3FAAAF}"
EndProject
Project("{9A19103F-16F7-4668-BE54-9A1E7A4F7556}") = "OperatePPT", "PPTTimer\OperatePPT\OperatePPT.csproj", "{FFC900C9-55AE-4858-8689-0EFABF45E9F0}"
EndProject
Global
	GlobalSection(SolutionConfigurationPlatforms) = preSolution
		Debug|Any CPU = Debug|Any CPU
		Release|Any CPU = Release|Any CPU
	EndGlobalSection
	GlobalSection(ProjectConfigurationPlatforms) = postSolution
		{D995454A-60AB-4874-B55F-4588DD3FAAAF}.Debug|Any CPU.ActiveCfg = Debug|Any CPU
		{D995454A-60AB-4874-B55F-4588DD3FAAAF}.Debug|Any CPU.Build.0 = Debug|Any CPU
		{D995454A-60AB-4874-B55F-4588DD3FAAAF}.Release|Any CPU.ActiveCfg = Release|Any CPU
		{D995454A-60AB-4874-B55F-4588DD3FAAAF}.Release|Any CPU.Build.0 = Release|Any CPU
		{FFC900C9-55AE-4858-8689-0EFABF45E9F0}.Debug|Any CPU.ActiveCfg = Debug|Any CPU
		{FFC900C9-55AE-4858-8689-0EFABF45E9F0}.Debug|Any CPU.Build.0 = Debug|Any CPU
		{FFC900C9-55AE-4858-8689-0EFABF45E9F0}.Release|Any CPU.ActiveCfg = Release|Any CPU
		{FFC900C9-55AE-4858-8689-0EFABF45E9F0}.Release|Any CPU.Build.0 = Release|Any CPU
	EndGlobalSection
	GlobalSection(SolutionProperties) = preSolution
		HideSolutionNode = FALSE
	EndGlobalSection
	GlobalSection(ExtensibilityGlobals) = postSolution
		SolutionGuid = {BAEE29C8-5FEE-4063-A7B2-90C2F23F9653}
	EndGlobalSection
EndGlobal
